// !$*UTF8*$!
{
	archiveVersion = 1;
	classes = {
	};
	objectVersion = 56;
	objects = {

/* Begin PBXBuildFile section */
		EFCD4CAF2BA4BC00005C0DFA /* SolaceApp.swift in Sources */ = {isa = PBXBuildFile; fileRef = EFCD4CAE2BA4BC00005C0DFA /* SolaceApp.swift */; };
		EFCD4CB12BA4BC00005C0DFA /* ContentView.swift in Sources */ = {isa = PBXBuildFile; fileRef = EFCD4CB02BA4BC00005C0DFA /* ContentView.swift */; };
		EFCD4CB32BA4BC02005C0DFA /* Assets.xcassets in Resources */ = {isa = PBXBuildFile; fileRef = EFCD4CB22BA4BC02005C0DFA /* Assets.xcassets */; };
		EFCD4CB62BA4BC02005C0DFA /* Preview Assets.xcassets in Resources */ = {isa = PBXBuildFile; fileRef = EFCD4CB52BA4BC02005C0DFA /* Preview Assets.xcassets */; };
		EFCD4CC32BA4CAE0005C0DFA /* Color.swift in Sources */ = {isa = PBXBuildFile; fileRef = EFCD4CC22BA4CAE0005C0DFA /* Color.swift */; };
		EFCD4CC52BA4D2B5005C0DFA /* RowCalendar.swift in Sources */ = {isa = PBXBuildFile; fileRef = EFCD4CC42BA4D2B5005C0DFA /* RowCalendar.swift */; };
		EFCD4CC92BA4D74D005C0DFA /* Date.swift in Sources */ = {isa = PBXBuildFile; fileRef = EFCD4CC82BA4D74D005C0DFA /* Date.swift */; };
		EFCD4CCB2BA4ED7E005C0DFA /* Professional.swift in Sources */ = {isa = PBXBuildFile; fileRef = EFCD4CCA2BA4ED7E005C0DFA /* Professional.swift */; };
		EFCD4CCD2BA4F18B005C0DFA /* User.swift in Sources */ = {isa = PBXBuildFile; fileRef = EFCD4CCC2BA4F18B005C0DFA /* User.swift */; };
		EFCD4CCF2BA4F26C005C0DFA /* NearYouView.swift in Sources */ = {isa = PBXBuildFile; fileRef = EFCD4CCE2BA4F26C005C0DFA /* NearYouView.swift */; };
		EFCD4CD22BA4F731005C0DFA /* UserTabView.swift in Sources */ = {isa = PBXBuildFile; fileRef = EFCD4CD12BA4F731005C0DFA /* UserTabView.swift */; };
		EFCD4CD42BA4F8D7005C0DFA /* SelectView.swift in Sources */ = {isa = PBXBuildFile; fileRef = EFCD4CD32BA4F8D7005C0DFA /* SelectView.swift */; };
		EFCD4CD62BA50031005C0DFA /* StreakCounter.swift in Sources */ = {isa = PBXBuildFile; fileRef = EFCD4CD52BA50031005C0DFA /* StreakCounter.swift */; };
		EFCD4CD92BA53CE2005C0DFA /* SymptomsQuestion.swift in Sources */ = {isa = PBXBuildFile; fileRef = EFCD4CD82BA53CE2005C0DFA /* SymptomsQuestion.swift */; };
		EFCD4CDB2BA53CEE005C0DFA /* LoadingBar.swift in Sources */ = {isa = PBXBuildFile; fileRef = EFCD4CDA2BA53CEE005C0DFA /* LoadingBar.swift */; };
		EFCD4CDD2BA54BDA005C0DFA /* LocationQuestion.swift in Sources */ = {isa = PBXBuildFile; fileRef = EFCD4CDC2BA54BDA005C0DFA /* LocationQuestion.swift */; };
		EFCD4CDF2BA54C50005C0DFA /* SelectionOption.swift in Sources */ = {isa = PBXBuildFile; fileRef = EFCD4CDE2BA54C50005C0DFA /* SelectionOption.swift */; };
		EFCD4CE12BA54D43005C0DFA /* QuestionNavigation.swift in Sources */ = {isa = PBXBuildFile; fileRef = EFCD4CE02BA54D43005C0DFA /* QuestionNavigation.swift */; };
		EFCD4CE32BA556A3005C0DFA /* CustomTitle.swift in Sources */ = {isa = PBXBuildFile; fileRef = EFCD4CE22BA556A3005C0DFA /* CustomTitle.swift */; };
		EFCD4CE52BA5599B005C0DFA /* GenderQuestion.swift in Sources */ = {isa = PBXBuildFile; fileRef = EFCD4CE42BA5599B005C0DFA /* GenderQuestion.swift */; };
		EFCD4CE72BA55ACF005C0DFA /* ReligionQuestion.swift in Sources */ = {isa = PBXBuildFile; fileRef = EFCD4CE62BA55ACF005C0DFA /* ReligionQuestion.swift */; };
/* End PBXBuildFile section */

/* Begin PBXFileReference section */
		EFCD4CAB2BA4BC00005C0DFA /* Solace.app */ = {isa = PBXFileReference; explicitFileType = wrapper.application; includeInIndex = 0; path = Solace.app; sourceTree = BUILT_PRODUCTS_DIR; };
		EFCD4CAE2BA4BC00005C0DFA /* SolaceApp.swift */ = {isa = PBXFileReference; lastKnownFileType = sourcecode.swift; path = SolaceApp.swift; sourceTree = "<group>"; };
		EFCD4CB02BA4BC00005C0DFA /* ContentView.swift */ = {isa = PBXFileReference; lastKnownFileType = sourcecode.swift; path = ContentView.swift; sourceTree = "<group>"; };
		EFCD4CB22BA4BC02005C0DFA /* Assets.xcassets */ = {isa = PBXFileReference; lastKnownFileType = folder.assetcatalog; path = Assets.xcassets; sourceTree = "<group>"; };
		EFCD4CB52BA4BC02005C0DFA /* Preview Assets.xcassets */ = {isa = PBXFileReference; lastKnownFileType = folder.assetcatalog; path = "Preview Assets.xcassets"; sourceTree = "<group>"; };
		EFCD4CC22BA4CAE0005C0DFA /* Color.swift */ = {isa = PBXFileReference; lastKnownFileType = sourcecode.swift; path = Color.swift; sourceTree = "<group>"; };
		EFCD4CC42BA4D2B5005C0DFA /* RowCalendar.swift */ = {isa = PBXFileReference; lastKnownFileType = sourcecode.swift; path = RowCalendar.swift; sourceTree = "<group>"; };
		EFCD4CC82BA4D74D005C0DFA /* Date.swift */ = {isa = PBXFileReference; lastKnownFileType = sourcecode.swift; path = Date.swift; sourceTree = "<group>"; };
		EFCD4CCA2BA4ED7E005C0DFA /* Professional.swift */ = {isa = PBXFileReference; lastKnownFileType = sourcecode.swift; path = Professional.swift; sourceTree = "<group>"; };
		EFCD4CCC2BA4F18B005C0DFA /* User.swift */ = {isa = PBXFileReference; lastKnownFileType = sourcecode.swift; path = User.swift; sourceTree = "<group>"; };
		EFCD4CCE2BA4F26C005C0DFA /* NearYouView.swift */ = {isa = PBXFileReference; lastKnownFileType = sourcecode.swift; path = NearYouView.swift; sourceTree = "<group>"; };
		EFCD4CD12BA4F731005C0DFA /* UserTabView.swift */ = {isa = PBXFileReference; lastKnownFileType = sourcecode.swift; path = UserTabView.swift; sourceTree = "<group>"; };
		EFCD4CD32BA4F8D7005C0DFA /* SelectView.swift */ = {isa = PBXFileReference; lastKnownFileType = sourcecode.swift; path = SelectView.swift; sourceTree = "<group>"; };
		EFCD4CD52BA50031005C0DFA /* StreakCounter.swift */ = {isa = PBXFileReference; lastKnownFileType = sourcecode.swift; path = StreakCounter.swift; sourceTree = "<group>"; };
		EFCD4CD82BA53CE2005C0DFA /* SymptomsQuestion.swift */ = {isa = PBXFileReference; lastKnownFileType = sourcecode.swift; path = SymptomsQuestion.swift; sourceTree = "<group>"; };
		EFCD4CDA2BA53CEE005C0DFA /* LoadingBar.swift */ = {isa = PBXFileReference; lastKnownFileType = sourcecode.swift; path = LoadingBar.swift; sourceTree = "<group>"; };
		EFCD4CDC2BA54BDA005C0DFA /* LocationQuestion.swift */ = {isa = PBXFileReference; lastKnownFileType = sourcecode.swift; path = LocationQuestion.swift; sourceTree = "<group>"; };
		EFCD4CDE2BA54C50005C0DFA /* SelectionOption.swift */ = {isa = PBXFileReference; lastKnownFileType = sourcecode.swift; path = SelectionOption.swift; sourceTree = "<group>"; };
		EFCD4CE02BA54D43005C0DFA /* QuestionNavigation.swift */ = {isa = PBXFileReference; lastKnownFileType = sourcecode.swift; path = QuestionNavigation.swift; sourceTree = "<group>"; };
		EFCD4CE22BA556A3005C0DFA /* CustomTitle.swift */ = {isa = PBXFileReference; lastKnownFileType = sourcecode.swift; path = CustomTitle.swift; sourceTree = "<group>"; };
		EFCD4CE42BA5599B005C0DFA /* GenderQuestion.swift */ = {isa = PBXFileReference; lastKnownFileType = sourcecode.swift; path = GenderQuestion.swift; sourceTree = "<group>"; };
		EFCD4CE62BA55ACF005C0DFA /* ReligionQuestion.swift */ = {isa = PBXFileReference; lastKnownFileType = sourcecode.swift; path = ReligionQuestion.swift; sourceTree = "<group>"; };
/* End PBXFileReference section */

/* Begin PBXFrameworksBuildPhase section */
		EFCD4CA82BA4BC00005C0DFA /* Frameworks */ = {
			isa = PBXFrameworksBuildPhase;
			buildActionMask = 2147483647;
			files = (
			);
			runOnlyForDeploymentPostprocessing = 0;
		};
/* End PBXFrameworksBuildPhase section */

/* Begin PBXGroup section */
		EFCD4CA22BA4BC00005C0DFA = {
			isa = PBXGroup;
			children = (
				EFCD4CAD2BA4BC00005C0DFA /* Solace */,
				EFCD4CAC2BA4BC00005C0DFA /* Products */,
			);
			sourceTree = "<group>";
		};
		EFCD4CAC2BA4BC00005C0DFA /* Products */ = {
			isa = PBXGroup;
			children = (
				EFCD4CAB2BA4BC00005C0DFA /* Solace.app */,
			);
			name = Products;
			sourceTree = "<group>";
		};
		EFCD4CAD2BA4BC00005C0DFA /* Solace */ = {
			isa = PBXGroup;
			children = (
				EFCD4CBC2BA4CA28005C0DFA /* App */,
				EFCD4CBD2BA4CA34005C0DFA /* Model */,
				EFCD4CC12BA4CA67005C0DFA /* ViewModels */,
				EFCD4CC02BA4CA49005C0DFA /* Views */,
				EFCD4CBF2BA4CA44005C0DFA /* Components */,
				EFCD4CB42BA4BC02005C0DFA /* Preview Content */,
			);
			path = Solace;
			sourceTree = "<group>";
		};
		EFCD4CB42BA4BC02005C0DFA /* Preview Content */ = {
			isa = PBXGroup;
			children = (
				EFCD4CB52BA4BC02005C0DFA /* Preview Assets.xcassets */,
			);
			path = "Preview Content";
			sourceTree = "<group>";
		};
		EFCD4CBC2BA4CA28005C0DFA /* App */ = {
			isa = PBXGroup;
			children = (
				EFCD4CB22BA4BC02005C0DFA /* Assets.xcassets */,
				EFCD4CAE2BA4BC00005C0DFA /* SolaceApp.swift */,
			);
			path = App;
			sourceTree = "<group>";
		};
		EFCD4CBD2BA4CA34005C0DFA /* Model */ = {
			isa = PBXGroup;
			children = (
				EFCD4CCA2BA4ED7E005C0DFA /* Professional.swift */,
				EFCD4CCC2BA4F18B005C0DFA /* User.swift */,
			);
			path = Model;
			sourceTree = "<group>";
		};
		EFCD4CBF2BA4CA44005C0DFA /* Components */ = {
			isa = PBXGroup;
			children = (
				EFCD4CCE2BA4F26C005C0DFA /* NearYouView.swift */,
				EFCD4CD72BA53C8B005C0DFA /* Questions */,
				EFCD4CD02BA4F724005C0DFA /* TabBar */,
				EFCD4CB02BA4BC00005C0DFA /* ContentView.swift */,
				EFCD4CD32BA4F8D7005C0DFA /* SelectView.swift */,
			);
			path = Components;
			sourceTree = "<group>";
		};
		EFCD4CC02BA4CA49005C0DFA /* Views */ = {
			isa = PBXGroup;
			children = (
				EFCD4CC22BA4CAE0005C0DFA /* Color.swift */,
				EFCD4CC42BA4D2B5005C0DFA /* RowCalendar.swift */,
				EFCD4CC82BA4D74D005C0DFA /* Date.swift */,
				EFCD4CD52BA50031005C0DFA /* StreakCounter.swift */,
				EFCD4CDA2BA53CEE005C0DFA /* LoadingBar.swift */,
				EFCD4CDE2BA54C50005C0DFA /* SelectionOption.swift */,
				EFCD4CE02BA54D43005C0DFA /* QuestionNavigation.swift */,
				EFCD4CE22BA556A3005C0DFA /* CustomTitle.swift */,
			);
			path = Views;
			sourceTree = "<group>";
		};
		EFCD4CC12BA4CA67005C0DFA /* ViewModels */ = {
			isa = PBXGroup;
			children = (
			);
			path = ViewModels;
			sourceTree = "<group>";
		};
		EFCD4CD02BA4F724005C0DFA /* TabBar */ = {
			isa = PBXGroup;
			children = (
				EFCD4CD12BA4F731005C0DFA /* UserTabView.swift */,
			);
			path = TabBar;
			sourceTree = "<group>";
		};
		EFCD4CD72BA53C8B005C0DFA /* Questions */ = {
			isa = PBXGroup;
			children = (
				EFCD4CD82BA53CE2005C0DFA /* SymptomsQuestion.swift */,
				EFCD4CDC2BA54BDA005C0DFA /* LocationQuestion.swift */,
				EFCD4CE42BA5599B005C0DFA /* GenderQuestion.swift */,
				EFCD4CE62BA55ACF005C0DFA /* ReligionQuestion.swift */,
			);
			path = Questions;
			sourceTree = "<group>";
		};
/* End PBXGroup section */

/* Begin PBXNativeTarget section */
		EFCD4CAA2BA4BC00005C0DFA /* Solace */ = {
			isa = PBXNativeTarget;
			buildConfigurationList = EFCD4CB92BA4BC02005C0DFA /* Build configuration list for PBXNativeTarget "Solace" */;
			buildPhases = (
				EFCD4CA72BA4BC00005C0DFA /* Sources */,
				EFCD4CA82BA4BC00005C0DFA /* Frameworks */,
				EFCD4CA92BA4BC00005C0DFA /* Resources */,
			);
			buildRules = (
			);
			dependencies = (
			);
			name = Solace;
			productName = Solace;
			productReference = EFCD4CAB2BA4BC00005C0DFA /* Solace.app */;
			productType = "com.apple.product-type.application";
		};
/* End PBXNativeTarget section */

/* Begin PBXProject section */
		EFCD4CA32BA4BC00005C0DFA /* Project object */ = {
			isa = PBXProject;
			attributes = {
				BuildIndependentTargetsInParallel = 1;
				LastSwiftUpdateCheck = 1520;
				LastUpgradeCheck = 1520;
				TargetAttributes = {
					EFCD4CAA2BA4BC00005C0DFA = {
						CreatedOnToolsVersion = 15.2;
					};
				};
			};
			buildConfigurationList = EFCD4CA62BA4BC00005C0DFA /* Build configuration list for PBXProject "Solace" */;
			compatibilityVersion = "Xcode 14.0";
			developmentRegion = en;
			hasScannedForEncodings = 0;
			knownRegions = (
				en,
				Base,
			);
			mainGroup = EFCD4CA22BA4BC00005C0DFA;
			productRefGroup = EFCD4CAC2BA4BC00005C0DFA /* Products */;
			projectDirPath = "";
			projectRoot = "";
			targets = (
				EFCD4CAA2BA4BC00005C0DFA /* Solace */,
			);
		};
/* End PBXProject section */

/* Begin PBXResourcesBuildPhase section */
		EFCD4CA92BA4BC00005C0DFA /* Resources */ = {
			isa = PBXResourcesBuildPhase;
			buildActionMask = 2147483647;
			files = (
				EFCD4CB62BA4BC02005C0DFA /* Preview Assets.xcassets in Resources */,
				EFCD4CB32BA4BC02005C0DFA /* Assets.xcassets in Resources */,
			);
			runOnlyForDeploymentPostprocessing = 0;
		};
/* End PBXResourcesBuildPhase section */

/* Begin PBXSourcesBuildPhase section */
		EFCD4CA72BA4BC00005C0DFA /* Sources */ = {
			isa = PBXSourcesBuildPhase;
			buildActionMask = 2147483647;
			files = (
				EFCD4CDB2BA53CEE005C0DFA /* LoadingBar.swift in Sources */,
				EFCD4CD42BA4F8D7005C0DFA /* SelectView.swift in Sources */,
				EFCD4CD62BA50031005C0DFA /* StreakCounter.swift in Sources */,
				EFCD4CE52BA5599B005C0DFA /* GenderQuestion.swift in Sources */,
				EFCD4CB12BA4BC00005C0DFA /* ContentView.swift in Sources */,
				EFCD4CC92BA4D74D005C0DFA /* Date.swift in Sources */,
				EFCD4CCF2BA4F26C005C0DFA /* NearYouView.swift in Sources */,
				EFCD4CE72BA55ACF005C0DFA /* ReligionQuestion.swift in Sources */,
				EFCD4CE32BA556A3005C0DFA /* CustomTitle.swift in Sources */,
				EFCD4CCB2BA4ED7E005C0DFA /* Professional.swift in Sources */,
				EFCD4CD92BA53CE2005C0DFA /* SymptomsQuestion.swift in Sources */,
				EFCD4CAF2BA4BC00005C0DFA /* SolaceApp.swift in Sources */,
				EFCD4CC32BA4CAE0005C0DFA /* Color.swift in Sources */,
				EFCD4CDF2BA54C50005C0DFA /* SelectionOption.swift in Sources */,
				EFCD4CE12BA54D43005C0DFA /* QuestionNavigation.swift in Sources */,
				EFCD4CC52BA4D2B5005C0DFA /* RowCalendar.swift in Sources */,
				EFCD4CCD2BA4F18B005C0DFA /* User.swift in Sources */,
				EFCD4CD22BA4F731005C0DFA /* UserTabView.swift in Sources */,
				EFCD4CDD2BA54BDA005C0DFA /* LocationQuestion.swift in Sources */,
			);
			runOnlyForDeploymentPostprocessing = 0;
		};
/* End PBXSourcesBuildPhase section */

/* Begin XCBuildConfiguration section */
		EFCD4CB72BA4BC02005C0DFA /* Debug */ = {
			isa = XCBuildConfiguration;
			buildSettings = {
				ALWAYS_SEARCH_USER_PATHS = NO;
				ASSETCATALOG_COMPILER_GENERATE_SWIFT_ASSET_SYMBOL_EXTENSIONS = YES;
				CLANG_ANALYZER_NONNULL = YES;
				CLANG_ANALYZER_NUMBER_OBJECT_CONVERSION = YES_AGGRESSIVE;
				CLANG_CXX_LANGUAGE_STANDARD = "gnu++20";
				CLANG_ENABLE_MODULES = YES;
				CLANG_ENABLE_OBJC_ARC = YES;
				CLANG_ENABLE_OBJC_WEAK = YES;
				CLANG_WARN_BLOCK_CAPTURE_AUTORELEASING = YES;
				CLANG_WARN_BOOL_CONVERSION = YES;
				CLANG_WARN_COMMA = YES;
				CLANG_WARN_CONSTANT_CONVERSION = YES;
				CLANG_WARN_DEPRECATED_OBJC_IMPLEMENTATIONS = YES;
				CLANG_WARN_DIRECT_OBJC_ISA_USAGE = YES_ERROR;
				CLANG_WARN_DOCUMENTATION_COMMENTS = YES;
				CLANG_WARN_EMPTY_BODY = YES;
				CLANG_WARN_ENUM_CONVERSION = YES;
				CLANG_WARN_INFINITE_RECURSION = YES;
				CLANG_WARN_INT_CONVERSION = YES;
				CLANG_WARN_NON_LITERAL_NULL_CONVERSION = YES;
				CLANG_WARN_OBJC_IMPLICIT_RETAIN_SELF = YES;
				CLANG_WARN_OBJC_LITERAL_CONVERSION = YES;
				CLANG_WARN_OBJC_ROOT_CLASS = YES_ERROR;
				CLANG_WARN_QUOTED_INCLUDE_IN_FRAMEWORK_HEADER = YES;
				CLANG_WARN_RANGE_LOOP_ANALYSIS = YES;
				CLANG_WARN_STRICT_PROTOTYPES = YES;
				CLANG_WARN_SUSPICIOUS_MOVE = YES;
				CLANG_WARN_UNGUARDED_AVAILABILITY = YES_AGGRESSIVE;
				CLANG_WARN_UNREACHABLE_CODE = YES;
				CLANG_WARN__DUPLICATE_METHOD_MATCH = YES;
				COPY_PHASE_STRIP = NO;
				DEBUG_INFORMATION_FORMAT = dwarf;
				ENABLE_STRICT_OBJC_MSGSEND = YES;
				ENABLE_TESTABILITY = YES;
				ENABLE_USER_SCRIPT_SANDBOXING = YES;
				GCC_C_LANGUAGE_STANDARD = gnu17;
				GCC_DYNAMIC_NO_PIC = NO;
				GCC_NO_COMMON_BLOCKS = YES;
				GCC_OPTIMIZATION_LEVEL = 0;
				GCC_PREPROCESSOR_DEFINITIONS = (
					"DEBUG=1",
					"$(inherited)",
				);
				GCC_WARN_64_TO_32_BIT_CONVERSION = YES;
				GCC_WARN_ABOUT_RETURN_TYPE = YES_ERROR;
				GCC_WARN_UNDECLARED_SELECTOR = YES;
				GCC_WARN_UNINITIALIZED_AUTOS = YES_AGGRESSIVE;
				GCC_WARN_UNUSED_FUNCTION = YES;
				GCC_WARN_UNUSED_VARIABLE = YES;
				IPHONEOS_DEPLOYMENT_TARGET = 17.2;
				LOCALIZATION_PREFERS_STRING_CATALOGS = YES;
				MTL_ENABLE_DEBUG_INFO = INCLUDE_SOURCE;
				MTL_FAST_MATH = YES;
				ONLY_ACTIVE_ARCH = YES;
				SDKROOT = iphoneos;
				SWIFT_ACTIVE_COMPILATION_CONDITIONS = "DEBUG $(inherited)";
				SWIFT_OPTIMIZATION_LEVEL = "-Onone";
			};
			name = Debug;
		};
		EFCD4CB82BA4BC02005C0DFA /* Release */ = {
			isa = XCBuildConfiguration;
			buildSettings = {
				ALWAYS_SEARCH_USER_PATHS = NO;
				ASSETCATALOG_COMPILER_GENERATE_SWIFT_ASSET_SYMBOL_EXTENSIONS = YES;
				CLANG_ANALYZER_NONNULL = YES;
				CLANG_ANALYZER_NUMBER_OBJECT_CONVERSION = YES_AGGRESSIVE;
				CLANG_CXX_LANGUAGE_STANDARD = "gnu++20";
				CLANG_ENABLE_MODULES = YES;
				CLANG_ENABLE_OBJC_ARC = YES;
				CLANG_ENABLE_OBJC_WEAK = YES;
				CLANG_WARN_BLOCK_CAPTURE_AUTORELEASING = YES;
				CLANG_WARN_BOOL_CONVERSION = YES;
				CLANG_WARN_COMMA = YES;
				CLANG_WARN_CONSTANT_CONVERSION = YES;
				CLANG_WARN_DEPRECATED_OBJC_IMPLEMENTATIONS = YES;
				CLANG_WARN_DIRECT_OBJC_ISA_USAGE = YES_ERROR;
				CLANG_WARN_DOCUMENTATION_COMMENTS = YES;
				CLANG_WARN_EMPTY_BODY = YES;
				CLANG_WARN_ENUM_CONVERSION = YES;
				CLANG_WARN_INFINITE_RECURSION = YES;
				CLANG_WARN_INT_CONVERSION = YES;
				CLANG_WARN_NON_LITERAL_NULL_CONVERSION = YES;
				CLANG_WARN_OBJC_IMPLICIT_RETAIN_SELF = YES;
				CLANG_WARN_OBJC_LITERAL_CONVERSION = YES;
				CLANG_WARN_OBJC_ROOT_CLASS = YES_ERROR;
				CLANG_WARN_QUOTED_INCLUDE_IN_FRAMEWORK_HEADER = YES;
				CLANG_WARN_RANGE_LOOP_ANALYSIS = YES;
				CLANG_WARN_STRICT_PROTOTYPES = YES;
				CLANG_WARN_SUSPICIOUS_MOVE = YES;
				CLANG_WARN_UNGUARDED_AVAILABILITY = YES_AGGRESSIVE;
				CLANG_WARN_UNREACHABLE_CODE = YES;
				CLANG_WARN__DUPLICATE_METHOD_MATCH = YES;
				COPY_PHASE_STRIP = NO;
				DEBUG_INFORMATION_FORMAT = "dwarf-with-dsym";
				ENABLE_NS_ASSERTIONS = NO;
				ENABLE_STRICT_OBJC_MSGSEND = YES;
				ENABLE_USER_SCRIPT_SANDBOXING = YES;
				GCC_C_LANGUAGE_STANDARD = gnu17;
				GCC_NO_COMMON_BLOCKS = YES;
				GCC_WARN_64_TO_32_BIT_CONVERSION = YES;
				GCC_WARN_ABOUT_RETURN_TYPE = YES_ERROR;
				GCC_WARN_UNDECLARED_SELECTOR = YES;
				GCC_WARN_UNINITIALIZED_AUTOS = YES_AGGRESSIVE;
				GCC_WARN_UNUSED_FUNCTION = YES;
				GCC_WARN_UNUSED_VARIABLE = YES;
				IPHONEOS_DEPLOYMENT_TARGET = 17.2;
				LOCALIZATION_PREFERS_STRING_CATALOGS = YES;
				MTL_ENABLE_DEBUG_INFO = NO;
				MTL_FAST_MATH = YES;
				SDKROOT = iphoneos;
				SWIFT_COMPILATION_MODE = wholemodule;
				VALIDATE_PRODUCT = YES;
			};
			name = Release;
		};
		EFCD4CBA2BA4BC02005C0DFA /* Debug */ = {
			isa = XCBuildConfiguration;
			buildSettings = {
				ASSETCATALOG_COMPILER_APPICON_NAME = AppIcon;
				ASSETCATALOG_COMPILER_GLOBAL_ACCENT_COLOR_NAME = AccentColor;
				CODE_SIGN_STYLE = Automatic;
				CURRENT_PROJECT_VERSION = 1;
				DEVELOPMENT_ASSET_PATHS = "\"Solace/Preview Content\"";
				DEVELOPMENT_TEAM = G6KCDZ5A7U;
				ENABLE_PREVIEWS = YES;
				GENERATE_INFOPLIST_FILE = YES;
				INFOPLIST_KEY_UIApplicationSceneManifest_Generation = YES;
				INFOPLIST_KEY_UIApplicationSupportsIndirectInputEvents = YES;
				INFOPLIST_KEY_UILaunchScreen_Generation = YES;
				INFOPLIST_KEY_UISupportedInterfaceOrientations_iPad = "UIInterfaceOrientationPortrait UIInterfaceOrientationPortraitUpsideDown UIInterfaceOrientationLandscapeLeft UIInterfaceOrientationLandscapeRight";
				INFOPLIST_KEY_UISupportedInterfaceOrientations_iPhone = "UIInterfaceOrientationPortrait UIInterfaceOrientationLandscapeLeft UIInterfaceOrientationLandscapeRight";
				LD_RUNPATH_SEARCH_PATHS = (
					"$(inherited)",
					"@executable_path/Frameworks",
				);
				MARKETING_VERSION = 1.0;
				PRODUCT_BUNDLE_IDENTIFIER = brandonmakai.Solace;
				PRODUCT_NAME = "$(TARGET_NAME)";
				SWIFT_EMIT_LOC_STRINGS = YES;
				SWIFT_VERSION = 5.0;
				TARGETED_DEVICE_FAMILY = "1,2";
			};
			name = Debug;
		};
		EFCD4CBB2BA4BC02005C0DFA /* Release */ = {
			isa = XCBuildConfiguration;
			buildSettings = {
				ASSETCATALOG_COMPILER_APPICON_NAME = AppIcon;
				ASSETCATALOG_COMPILER_GLOBAL_ACCENT_COLOR_NAME = AccentColor;
				CODE_SIGN_STYLE = Automatic;
				CURRENT_PROJECT_VERSION = 1;
				DEVELOPMENT_ASSET_PATHS = "\"Solace/Preview Content\"";
				DEVELOPMENT_TEAM = G6KCDZ5A7U;
				ENABLE_PREVIEWS = YES;
				GENERATE_INFOPLIST_FILE = YES;
				INFOPLIST_KEY_UIApplicationSceneManifest_Generation = YES;
				INFOPLIST_KEY_UIApplicationSupportsIndirectInputEvents = YES;
				INFOPLIST_KEY_UILaunchScreen_Generation = YES;
				INFOPLIST_KEY_UISupportedInterfaceOrientations_iPad = "UIInterfaceOrientationPortrait UIInterfaceOrientationPortraitUpsideDown UIInterfaceOrientationLandscapeLeft UIInterfaceOrientationLandscapeRight";
				INFOPLIST_KEY_UISupportedInterfaceOrientations_iPhone = "UIInterfaceOrientationPortrait UIInterfaceOrientationLandscapeLeft UIInterfaceOrientationLandscapeRight";
				LD_RUNPATH_SEARCH_PATHS = (
					"$(inherited)",
					"@executable_path/Frameworks",
				);
				MARKETING_VERSION = 1.0;
				PRODUCT_BUNDLE_IDENTIFIER = brandonmakai.Solace;
				PRODUCT_NAME = "$(TARGET_NAME)";
				SWIFT_EMIT_LOC_STRINGS = YES;
				SWIFT_VERSION = 5.0;
				TARGETED_DEVICE_FAMILY = "1,2";
			};
			name = Release;
		};
/* End XCBuildConfiguration section */

/* Begin XCConfigurationList section */
		EFCD4CA62BA4BC00005C0DFA /* Build configuration list for PBXProject "Solace" */ = {
			isa = XCConfigurationList;
			buildConfigurations = (
				EFCD4CB72BA4BC02005C0DFA /* Debug */,
				EFCD4CB82BA4BC02005C0DFA /* Release */,
			);
			defaultConfigurationIsVisible = 0;
			defaultConfigurationName = Release;
		};
		EFCD4CB92BA4BC02005C0DFA /* Build configuration list for PBXNativeTarget "Solace" */ = {
			isa = XCConfigurationList;
			buildConfigurations = (
				EFCD4CBA2BA4BC02005C0DFA /* Debug */,
				EFCD4CBB2BA4BC02005C0DFA /* Release */,
			);
			defaultConfigurationIsVisible = 0;
			defaultConfigurationName = Release;
		};
/* End XCConfigurationList section */
	};
	rootObject = EFCD4CA32BA4BC00005C0DFA /* Project object */;
}
